{
  "name": "theta-rpc-sample",
  "version": "1.0.0",
  "lockfileVersion": 1,
  "requires": true,
  "dependencies": {
    "@theta-rpc/common": {
      "version": "1.2.0",
      "resolved": "https://registry.npmjs.org/@theta-rpc/common/-/common-1.2.0.tgz",
      "integrity": "sha512-5mhCS1toyIEzxz0SNnzOA9fCxROOK8CUj2Mv8cZyMOzSmbxMJc8hLfh38WB2elyaNNLrMxMCZPlEJZXn+12N9Q==",
      "requires": {
        "reflect-metadata": "^0.1.13"
      }
    },
    "@theta-rpc/core": {
      "version": "1.2.0",
      "resolved": "https://registry.npmjs.org/@theta-rpc/core/-/core-1.2.0.tgz",
      "integrity": "sha512-76uekainX67RQjNq3UGC1BSvUxtWm5dWDnnedObnGq1Gt1eYJDbV7btLLpQbSd7mHMfXglKGN37cC5Pgq9h6MA==",
      "requires": {
        "@theta-rpc/common": "^1.2.0",
        "@theta-rpc/errors": "^1.2.0",
        "reflect-metadata": "^0.1.13"
      }
    },
    "@theta-rpc/errors": {
      "version": "1.2.0",
      "resolved": "https://registry.npmjs.org/@theta-rpc/errors/-/errors-1.2.0.tgz",
      "integrity": "sha512-gnl6F/AX46dKBEaMRZn6tfGxzaF3AN84H/VUzUNmVrg/XL9si2vtbjpWXNt0HBbe7PYghL37M559ENqUu6CmQQ==",
      "requires": {
        "@theta-rpc/common": "^1.2.0",
        "reflect-metadata": "^0.1.13"
      }
    },
    "@theta-rpc/ws-transport": {
      "version": "1.2.0",
      "resolved": "https://registry.npmjs.org/@theta-rpc/ws-transport/-/ws-transport-1.2.0.tgz",
      "integrity": "sha512-1zcQ/5kCJlUpdPjUmhyiZUNafdG2z1oiESCtSPaJ42jhQRIYCtLdR9Ssir/47MDMnLMZfxm71NC6jgMFiNd3kQ==",
      "requires": {
        "@theta-rpc/core": "^1.2.0",
        "reflect-metadata": "^0.1.13",
        "ws": "^7.3.1"
      }
    },
    "reflect-metadata": {
      "version": "0.1.13",
      "resolved": "https://registry.npmjs.org/reflect-metadata/-/reflect-metadata-0.1.13.tgz",
      "integrity": "sha512-Ts1Y/anZELhSsjMcU605fU9RE4Oi3p5ORujwbIKXfWa+0Zxs510Qrmrce5/Jowq3cHSZSJqBjypxmHarc+vEWg=="
    },
    "typescript": {
      "version": "4.0.2",
      "resolved": "https://registry.npmjs.org/typescript/-/typescript-4.0.2.tgz",
      "integrity": "sha512-e4ERvRV2wb+rRZ/IQeb3jm2VxBsirQLpQhdxplZ2MEzGvDkkMmPglecnNDfSUBivMjP93vRbngYYDQqQ/78bcQ==",
      "dev": true
    },
    "ws": {
      "version": "7.3.1",
      "resolved": "https://registry.npmjs.org/ws/-/ws-7.3.1.tgz",
      "integrity": "sha512-D3RuNkynyHmEJIpD2qrgVkc9DQ23OrN/moAwZX4L8DfvszsJxpjQuUq3LMx6HoYji9fbIOBY18XWBsAux1ZZUA=="
    }
  }
}
